// !$*UTF8*$!
{
	archiveVersion = 1;
	classes = {
	};
	objectVersion = 46;
	objects = {

/* Begin PBXBuildFile section */
		A0053C771D7727F300AC8706 /* Alamofire.framework in Frameworks */ = {isa = PBXBuildFile; fileRef = A0053C6A1D77277E00AC8706 /* Alamofire.framework */; };
		A0053C781D7727F300AC8706 /* Alamofire.framework in Embed Frameworks */ = {isa = PBXBuildFile; fileRef = A0053C6A1D77277E00AC8706 /* Alamofire.framework */; settings = {ATTRIBUTES = (CodeSignOnCopy, RemoveHeadersOnCopy, ); }; };
		A02D29CE1D3AA31000710F54 /* plistModule.swift in Sources */ = {isa = PBXBuildFile; fileRef = A02D29CD1D3AA31000710F54 /* plistModule.swift */; };
		A02D29D01D3AA34900710F54 /* localDB.plist in Resources */ = {isa = PBXBuildFile; fileRef = A02D29CF1D3AA34900710F54 /* localDB.plist */; };
		A0513D421D818AB000407F6D /* CWS Logo.png in Resources */ = {isa = PBXBuildFile; fileRef = A0513D411D818AB000407F6D /* CWS Logo.png */; };
		A0535BBC1D7A13EF00777993 /* Reachability.swift in Sources */ = {isa = PBXBuildFile; fileRef = A0535BBB1D7A13EF00777993 /* Reachability.swift */; };
		A0535BC51D7A404E00777993 /* infoViewController.swift in Sources */ = {isa = PBXBuildFile; fileRef = A0535BC41D7A404E00777993 /* infoViewController.swift */; };
		A0AFE8F21D3C58CF00DDBB4B /* LoginViewController.swift in Sources */ = {isa = PBXBuildFile; fileRef = A0AFE8F11D3C58CF00DDBB4B /* LoginViewController.swift */; };
		A0AFE8F41D3CF4B700DDBB4B /* StatusViewController.swift in Sources */ = {isa = PBXBuildFile; fileRef = A0AFE8F31D3CF4B700DDBB4B /* StatusViewController.swift */; };
		A0AFE8F61D3CF84C00DDBB4B /* FeedbackViewController.swift in Sources */ = {isa = PBXBuildFile; fileRef = A0AFE8F51D3CF84C00DDBB4B /* FeedbackViewController.swift */; };
		A0B5C4021D3BDF21002649B7 /* WHAPI.swift in Sources */ = {isa = PBXBuildFile; fileRef = A0B5C4011D3BDF21002649B7 /* WHAPI.swift */; };
		A0C3F6ED1D38972A0016004E /* AppDelegate.swift in Sources */ = {isa = PBXBuildFile; fileRef = A0C3F6EC1D38972A0016004E /* AppDelegate.swift */; };
		A0C3F6F21D38972A0016004E /* Main.storyboard in Resources */ = {isa = PBXBuildFile; fileRef = A0C3F6F01D38972A0016004E /* Main.storyboard */; };
		A0C3F6F41D38972A0016004E /* Assets.xcassets in Resources */ = {isa = PBXBuildFile; fileRef = A0C3F6F31D38972A0016004E /* Assets.xcassets */; };
		A0C3F6F71D38972A0016004E /* LaunchScreen.storyboard in Resources */ = {isa = PBXBuildFile; fileRef = A0C3F6F51D38972A0016004E /* LaunchScreen.storyboard */; };
		A0CF924B1D7C6648002F0029 /* logo.png in Resources */ = {isa = PBXBuildFile; fileRef = A0CF924A1D7C6648002F0029 /* logo.png */; };
		A0CF924D1D7C6B8A002F0029 /* myLocation.png in Resources */ = {isa = PBXBuildFile; fileRef = A0CF924C1D7C6B8A002F0029 /* myLocation.png */; };
		EF2461891D4ECD620026F7A2 /* SearchTable.swift in Sources */ = {isa = PBXBuildFile; fileRef = EF2461881D4ECD620026F7A2 /* SearchTable.swift */; };
		EF80A6C51D3AD7130060CF2C /* CustomAnnotation.swift in Sources */ = {isa = PBXBuildFile; fileRef = EF80A6C41D3AD7130060CF2C /* CustomAnnotation.swift */; };
		EF9F3F3F1D4D4510000B16A1 /* NewMapViewController.swift in Sources */ = {isa = PBXBuildFile; fileRef = EF9F3F3E1D4D4510000B16A1 /* NewMapViewController.swift */; };
/* End PBXBuildFile section */

/* Begin PBXContainerItemProxy section */
		A0053C691D77277E00AC8706 /* PBXContainerItemProxy */ = {
			isa = PBXContainerItemProxy;
			containerPortal = A0053C5E1D77277D00AC8706 /* Alamofire.xcodeproj */;
			proxyType = 2;
			remoteGlobalIDString = F8111E3319A95C8B0040E7D1;
			remoteInfo = "Alamofire iOS";
		};
		A0053C6B1D77277E00AC8706 /* PBXContainerItemProxy */ = {
			isa = PBXContainerItemProxy;
			containerPortal = A0053C5E1D77277D00AC8706 /* Alamofire.xcodeproj */;
			proxyType = 2;
			remoteGlobalIDString = F8111E3E19A95C8B0040E7D1;
			remoteInfo = "Alamofire iOS Tests";
		};
		A0053C6D1D77277E00AC8706 /* PBXContainerItemProxy */ = {
			isa = PBXContainerItemProxy;
			containerPortal = A0053C5E1D77277D00AC8706 /* Alamofire.xcodeproj */;
			proxyType = 2;
			remoteGlobalIDString = 4DD67C0B1A5C55C900ED2280;
			remoteInfo = "Alamofire OSX";
		};
		A0053C6F1D77277E00AC8706 /* PBXContainerItemProxy */ = {
			isa = PBXContainerItemProxy;
			containerPortal = A0053C5E1D77277D00AC8706 /* Alamofire.xcodeproj */;
			proxyType = 2;
			remoteGlobalIDString = F829C6B21A7A94F100A2CD59;
			remoteInfo = "Alamofire OSX Tests";
		};
		A0053C711D77277E00AC8706 /* PBXContainerItemProxy */ = {
			isa = PBXContainerItemProxy;
			containerPortal = A0053C5E1D77277D00AC8706 /* Alamofire.xcodeproj */;
			proxyType = 2;
			remoteGlobalIDString = 4CF626EF1BA7CB3E0011A099;
			remoteInfo = "Alamofire tvOS";
		};
		A0053C731D77277E00AC8706 /* PBXContainerItemProxy */ = {
			isa = PBXContainerItemProxy;
			containerPortal = A0053C5E1D77277D00AC8706 /* Alamofire.xcodeproj */;
			proxyType = 2;
			remoteGlobalIDString = 4CF626F81BA7CB3E0011A099;
			remoteInfo = "Alamofire tvOS Tests";
		};
		A0053C751D77277E00AC8706 /* PBXContainerItemProxy */ = {
			isa = PBXContainerItemProxy;
			containerPortal = A0053C5E1D77277D00AC8706 /* Alamofire.xcodeproj */;
			proxyType = 2;
			remoteGlobalIDString = E4202FE01B667AA100C997FB;
			remoteInfo = "Alamofire watchOS";
		};
		A0053C791D7727F300AC8706 /* PBXContainerItemProxy */ = {
			isa = PBXContainerItemProxy;
			containerPortal = A0053C5E1D77277D00AC8706 /* Alamofire.xcodeproj */;
			proxyType = 1;
			remoteGlobalIDString = F8111E3219A95C8B0040E7D1;
			remoteInfo = "Alamofire iOS";
		};
/* End PBXContainerItemProxy section */

/* Begin PBXCopyFilesBuildPhase section */
		A0053C7F1D7727F400AC8706 /* Embed Frameworks */ = {
			isa = PBXCopyFilesBuildPhase;
			buildActionMask = 2147483647;
			dstPath = "";
			dstSubfolderSpec = 10;
			files = (
				A0053C781D7727F300AC8706 /* Alamofire.framework in Embed Frameworks */,
			);
			name = "Embed Frameworks";
			runOnlyForDeploymentPostprocessing = 0;
		};
/* End PBXCopyFilesBuildPhase section */

/* Begin PBXFileReference section */
		A0053C5E1D77277D00AC8706 /* Alamofire.xcodeproj */ = {isa = PBXFileReference; lastKnownFileType = "wrapper.pb-project"; name = Alamofire.xcodeproj; path = Alamofire/Alamofire.xcodeproj; sourceTree = SOURCE_ROOT; };
		A02D29CD1D3AA31000710F54 /* plistModule.swift */ = {isa = PBXFileReference; fileEncoding = 4; lastKnownFileType = sourcecode.swift; path = plistModule.swift; sourceTree = "<group>"; };
		A02D29CF1D3AA34900710F54 /* localDB.plist */ = {isa = PBXFileReference; fileEncoding = 4; lastKnownFileType = text.plist.xml; path = localDB.plist; sourceTree = "<group>"; };
		A0513D411D818AB000407F6D /* CWS Logo.png */ = {isa = PBXFileReference; lastKnownFileType = image.png; path = "CWS Logo.png"; sourceTree = "<group>"; };
		A0535BBB1D7A13EF00777993 /* Reachability.swift */ = {isa = PBXFileReference; fileEncoding = 4; lastKnownFileType = sourcecode.swift; path = Reachability.swift; sourceTree = "<group>"; };
		A0535BC41D7A404E00777993 /* infoViewController.swift */ = {isa = PBXFileReference; fileEncoding = 4; lastKnownFileType = sourcecode.swift; path = infoViewController.swift; sourceTree = "<group>"; };
		A0AFE8F11D3C58CF00DDBB4B /* LoginViewController.swift */ = {isa = PBXFileReference; fileEncoding = 4; lastKnownFileType = sourcecode.swift; path = LoginViewController.swift; sourceTree = "<group>"; };
		A0AFE8F31D3CF4B700DDBB4B /* StatusViewController.swift */ = {isa = PBXFileReference; fileEncoding = 4; lastKnownFileType = sourcecode.swift; path = StatusViewController.swift; sourceTree = "<group>"; };
		A0AFE8F51D3CF84C00DDBB4B /* FeedbackViewController.swift */ = {isa = PBXFileReference; fileEncoding = 4; lastKnownFileType = sourcecode.swift; path = FeedbackViewController.swift; sourceTree = "<group>"; };
		A0B5C4011D3BDF21002649B7 /* WHAPI.swift */ = {isa = PBXFileReference; fileEncoding = 4; lastKnownFileType = sourcecode.swift; path = WHAPI.swift; sourceTree = "<group>"; };
		A0C3F6E91D38972A0016004E /* Walkhome.app */ = {isa = PBXFileReference; explicitFileType = wrapper.application; includeInIndex = 0; path = Walkhome.app; sourceTree = BUILT_PRODUCTS_DIR; };
		A0C3F6EC1D38972A0016004E /* AppDelegate.swift */ = {isa = PBXFileReference; lastKnownFileType = sourcecode.swift; path = AppDelegate.swift; sourceTree = "<group>"; };
		A0C3F6F11D38972A0016004E /* Base */ = {isa = PBXFileReference; lastKnownFileType = file.storyboard; name = Base; path = Base.lproj/Main.storyboard; sourceTree = "<group>"; };
		A0C3F6F31D38972A0016004E /* Assets.xcassets */ = {isa = PBXFileReference; lastKnownFileType = folder.assetcatalog; path = Assets.xcassets; sourceTree = "<group>"; };
		A0C3F6F61D38972A0016004E /* Base */ = {isa = PBXFileReference; lastKnownFileType = file.storyboard; name = Base; path = Base.lproj/LaunchScreen.storyboard; sourceTree = "<group>"; };
		A0C3F6F81D38972A0016004E /* Info.plist */ = {isa = PBXFileReference; lastKnownFileType = text.plist.xml; path = Info.plist; sourceTree = "<group>"; };
		A0CF924A1D7C6648002F0029 /* logo.png */ = {isa = PBXFileReference; lastKnownFileType = image.png; path = logo.png; sourceTree = "<group>"; };
		A0CF924C1D7C6B8A002F0029 /* myLocation.png */ = {isa = PBXFileReference; lastKnownFileType = image.png; path = myLocation.png; sourceTree = "<group>"; };
		EF2461881D4ECD620026F7A2 /* SearchTable.swift */ = {isa = PBXFileReference; fileEncoding = 4; lastKnownFileType = sourcecode.swift; path = SearchTable.swift; sourceTree = "<group>"; };
		EF80A6C41D3AD7130060CF2C /* CustomAnnotation.swift */ = {isa = PBXFileReference; fileEncoding = 4; lastKnownFileType = sourcecode.swift; path = CustomAnnotation.swift; sourceTree = "<group>"; };
		EF9F3F3E1D4D4510000B16A1 /* NewMapViewController.swift */ = {isa = PBXFileReference; fileEncoding = 4; lastKnownFileType = sourcecode.swift; path = NewMapViewController.swift; sourceTree = "<group>"; };
/* End PBXFileReference section */

/* Begin PBXFrameworksBuildPhase section */
		A0C3F6E61D38972A0016004E /* Frameworks */ = {
			isa = PBXFrameworksBuildPhase;
			buildActionMask = 2147483647;
			files = (
				A0053C771D7727F300AC8706 /* Alamofire.framework in Frameworks */,
			);
			runOnlyForDeploymentPostprocessing = 0;
		};
/* End PBXFrameworksBuildPhase section */

/* Begin PBXGroup section */
		A0053C5F1D77277D00AC8706 /* Products */ = {
			isa = PBXGroup;
			children = (
				A0053C6A1D77277E00AC8706 /* Alamofire.framework */,
				A0053C6C1D77277E00AC8706 /* Alamofire iOS Tests.xctest */,
				A0053C6E1D77277E00AC8706 /* Alamofire.framework */,
				A0053C701D77277E00AC8706 /* Alamofire OSX Tests.xctest */,
				A0053C721D77277E00AC8706 /* Alamofire.framework */,
				A0053C741D77277E00AC8706 /* Alamofire tvOS Tests.xctest */,
				A0053C761D77277E00AC8706 /* Alamofire.framework */,
			);
			name = Products;
			sourceTree = "<group>";
		};
		A0C3F6E01D38972A0016004E = {
			isa = PBXGroup;
			children = (
				A0C3F6EB1D38972A0016004E /* Walkhome */,
				A0C3F6EA1D38972A0016004E /* Products */,
			);
			sourceTree = "<group>";
		};
		A0C3F6EA1D38972A0016004E /* Products */ = {
			isa = PBXGroup;
			children = (
				A0C3F6E91D38972A0016004E /* Walkhome.app */,
			);
			name = Products;
			sourceTree = "<group>";
		};
		A0C3F6EB1D38972A0016004E /* Walkhome */ = {
			isa = PBXGroup;
			children = (
				A0CF92491D7C6630002F0029 /* images */,
				A0053C5E1D77277D00AC8706 /* Alamofire.xcodeproj */,
				A0C3F6EC1D38972A0016004E /* AppDelegate.swift */,
				EF80A6C41D3AD7130060CF2C /* CustomAnnotation.swift */,
				A0C3F6F01D38972A0016004E /* Main.storyboard */,
				EF2461881D4ECD620026F7A2 /* SearchTable.swift */,
				A0C3F6F31D38972A0016004E /* Assets.xcassets */,
				A0C3F6F51D38972A0016004E /* LaunchScreen.storyboard */,
				A0C3F6F81D38972A0016004E /* Info.plist */,
				A02D29CD1D3AA31000710F54 /* plistModule.swift */,
				A02D29CF1D3AA34900710F54 /* localDB.plist */,
				A0B5C4011D3BDF21002649B7 /* WHAPI.swift */,
				A0AFE8F11D3C58CF00DDBB4B /* LoginViewController.swift */,
				A0AFE8F31D3CF4B700DDBB4B /* StatusViewController.swift */,
				A0AFE8F51D3CF84C00DDBB4B /* FeedbackViewController.swift */,
				EF9F3F3E1D4D4510000B16A1 /* NewMapViewController.swift */,
				A0535BBB1D7A13EF00777993 /* Reachability.swift */,
				A0535BC41D7A404E00777993 /* infoViewController.swift */,
			);
			path = Walkhome;
			sourceTree = "<group>";
		};
		A0CF92491D7C6630002F0029 /* images */ = {
			isa = PBXGroup;
			children = (
				A0513D411D818AB000407F6D /* CWS Logo.png */,
				A0CF924C1D7C6B8A002F0029 /* myLocation.png */,
				A0CF924A1D7C6648002F0029 /* logo.png */,
			);
			name = images;
			sourceTree = "<group>";
		};
/* End PBXGroup section */

/* Begin PBXNativeTarget section */
		A0C3F6E81D38972A0016004E /* Walkhome */ = {
			isa = PBXNativeTarget;
			buildConfigurationList = A0C3F6FB1D38972A0016004E /* Build configuration list for PBXNativeTarget "Walkhome" */;
			buildPhases = (
				A0C3F6E51D38972A0016004E /* Sources */,
				A0C3F6E61D38972A0016004E /* Frameworks */,
				A0C3F6E71D38972A0016004E /* Resources */,
				A0053C7F1D7727F400AC8706 /* Embed Frameworks */,
			);
			buildRules = (
			);
			dependencies = (
				A0053C7A1D7727F300AC8706 /* PBXTargetDependency */,
			);
			name = Walkhome;
			productName = Walkhome;
			productReference = A0C3F6E91D38972A0016004E /* Walkhome.app */;
			productType = "com.apple.product-type.application";
		};
/* End PBXNativeTarget section */

/* Begin PBXProject section */
		A0C3F6E11D38972A0016004E /* Project object */ = {
			isa = PBXProject;
			attributes = {
				LastSwiftUpdateCheck = 0730;
				LastUpgradeCheck = 0730;
				ORGANIZATIONNAME = "COMPSA Web Services";
				TargetAttributes = {
					A0C3F6E81D38972A0016004E = {
						CreatedOnToolsVersion = 7.3;
						DevelopmentTeam = J5CFSMHHR3;
						SystemCapabilities = {
							com.apple.Push = {
								enabled = 1;
							};
						};
					};
				};
			};
			buildConfigurationList = A0C3F6E41D38972A0016004E /* Build configuration list for PBXProject "Walkhome" */;
			compatibilityVersion = "Xcode 3.2";
			developmentRegion = English;
			hasScannedForEncodings = 0;
			knownRegions = (
				en,
				Base,
			);
			mainGroup = A0C3F6E01D38972A0016004E;
			productRefGroup = A0C3F6EA1D38972A0016004E /* Products */;
			projectDirPath = "";
			projectReferences = (
				{
					ProductGroup = A0053C5F1D77277D00AC8706 /* Products */;
					ProjectRef = A0053C5E1D77277D00AC8706 /* Alamofire.xcodeproj */;
				},
			);
			projectRoot = "";
			targets = (
				A0C3F6E81D38972A0016004E /* Walkhome */,
			);
		};
/* End PBXProject section */

/* Begin PBXReferenceProxy section */
		A0053C6A1D77277E00AC8706 /* Alamofire.framework */ = {
			isa = PBXReferenceProxy;
			fileType = wrapper.framework;
			path = Alamofire.framework;
			remoteRef = A0053C691D77277E00AC8706 /* PBXContainerItemProxy */;
			sourceTree = BUILT_PRODUCTS_DIR;
		};
		A0053C6C1D77277E00AC8706 /* Alamofire iOS Tests.xctest */ = {
			isa = PBXReferenceProxy;
			fileType = wrapper.cfbundle;
			path = "Alamofire iOS Tests.xctest";
			remoteRef = A0053C6B1D77277E00AC8706 /* PBXContainerItemProxy */;
			sourceTree = BUILT_PRODUCTS_DIR;
		};
		A0053C6E1D77277E00AC8706 /* Alamofire.framework */ = {
			isa = PBXReferenceProxy;
			fileType = wrapper.framework;
			path = Alamofire.framework;
			remoteRef = A0053C6D1D77277E00AC8706 /* PBXContainerItemProxy */;
			sourceTree = BUILT_PRODUCTS_DIR;
		};
		A0053C701D77277E00AC8706 /* Alamofire OSX Tests.xctest */ = {
			isa = PBXReferenceProxy;
			fileType = wrapper.cfbundle;
			path = "Alamofire OSX Tests.xctest";
			remoteRef = A0053C6F1D77277E00AC8706 /* PBXContainerItemProxy */;
			sourceTree = BUILT_PRODUCTS_DIR;
		};
		A0053C721D77277E00AC8706 /* Alamofire.framework */ = {
			isa = PBXReferenceProxy;
			fileType = wrapper.framework;
			path = Alamofire.framework;
			remoteRef = A0053C711D77277E00AC8706 /* PBXContainerItemProxy */;
			sourceTree = BUILT_PRODUCTS_DIR;
		};
		A0053C741D77277E00AC8706 /* Alamofire tvOS Tests.xctest */ = {
			isa = PBXReferenceProxy;
			fileType = wrapper.cfbundle;
			path = "Alamofire tvOS Tests.xctest";
			remoteRef = A0053C731D77277E00AC8706 /* PBXContainerItemProxy */;
			sourceTree = BUILT_PRODUCTS_DIR;
		};
		A0053C761D77277E00AC8706 /* Alamofire.framework */ = {
			isa = PBXReferenceProxy;
			fileType = wrapper.framework;
			path = Alamofire.framework;
			remoteRef = A0053C751D77277E00AC8706 /* PBXContainerItemProxy */;
			sourceTree = BUILT_PRODUCTS_DIR;
		};
/* End PBXReferenceProxy section */

/* Begin PBXResourcesBuildPhase section */
		A0C3F6E71D38972A0016004E /* Resources */ = {
			isa = PBXResourcesBuildPhase;
			buildActionMask = 2147483647;
			files = (
				A02D29D01D3AA34900710F54 /* localDB.plist in Resources */,
				A0CF924B1D7C6648002F0029 /* logo.png in Resources */,
				A0CF924D1D7C6B8A002F0029 /* myLocation.png in Resources */,
				A0C3F6F71D38972A0016004E /* LaunchScreen.storyboard in Resources */,
				A0C3F6F41D38972A0016004E /* Assets.xcassets in Resources */,
				A0513D421D818AB000407F6D /* CWS Logo.png in Resources */,
				A0C3F6F21D38972A0016004E /* Main.storyboard in Resources */,
			);
			runOnlyForDeploymentPostprocessing = 0;
		};
/* End PBXResourcesBuildPhase section */

/* Begin PBXSourcesBuildPhase section */
		A0C3F6E51D38972A0016004E /* Sources */ = {
			isa = PBXSourcesBuildPhase;
			buildActionMask = 2147483647;
			files = (
				EF9F3F3F1D4D4510000B16A1 /* NewMapViewController.swift in Sources */,
				A0535BC51D7A404E00777993 /* infoViewController.swift in Sources */,
				A0AFE8F41D3CF4B700DDBB4B /* StatusViewController.swift in Sources */,
				A0535BBC1D7A13EF00777993 /* Reachability.swift in Sources */,
				EF2461891D4ECD620026F7A2 /* SearchTable.swift in Sources */,
				A0AFE8F21D3C58CF00DDBB4B /* LoginViewController.swift in Sources */,
				EF80A6C51D3AD7130060CF2C /* CustomAnnotation.swift in Sources */,
				A0B5C4021D3BDF21002649B7 /* WHAPI.swift in Sources */,
				A02D29CE1D3AA31000710F54 /* plistModule.swift in Sources */,
				A0AFE8F61D3CF84C00DDBB4B /* FeedbackViewController.swift in Sources */,
				A0C3F6ED1D38972A0016004E /* AppDelegate.swift in Sources */,
			);
			runOnlyForDeploymentPostprocessing = 0;
		};
/* End PBXSourcesBuildPhase section */

/* Begin PBXTargetDependency section */
		A0053C7A1D7727F300AC8706 /* PBXTargetDependency */ = {
			isa = PBXTargetDependency;
			name = "Alamofire iOS";
			targetProxy = A0053C791D7727F300AC8706 /* PBXContainerItemProxy */;
		};
/* End PBXTargetDependency section */

/* Begin PBXVariantGroup section */
		A0C3F6F01D38972A0016004E /* Main.storyboard */ = {
			isa = PBXVariantGroup;
			children = (
				A0C3F6F11D38972A0016004E /* Base */,
			);
			name = Main.storyboard;
			sourceTree = "<group>";
		};
		A0C3F6F51D38972A0016004E /* LaunchScreen.storyboard */ = {
			isa = PBXVariantGroup;
			children = (
				A0C3F6F61D38972A0016004E /* Base */,
			);
			name = LaunchScreen.storyboard;
			sourceTree = "<group>";
		};
/* End PBXVariantGroup section */

/* Begin XCBuildConfiguration section */
		A0C3F6F91D38972A0016004E /* Debug */ = {
			isa = XCBuildConfiguration;
			buildSettings = {
				ALWAYS_SEARCH_USER_PATHS = NO;
				CLANG_ANALYZER_NONNULL = YES;
				CLANG_CXX_LANGUAGE_STANDARD = "gnu++0x";
				CLANG_CXX_LIBRARY = "libc++";
				CLANG_ENABLE_MODULES = YES;
				CLANG_ENABLE_OBJC_ARC = YES;
				CLANG_WARN_BOOL_CONVERSION = YES;
				CLANG_WARN_CONSTANT_CONVERSION = YES;
				CLANG_WARN_DIRECT_OBJC_ISA_USAGE = YES_ERROR;
				CLANG_WARN_EMPTY_BODY = YES;
				CLANG_WARN_ENUM_CONVERSION = YES;
				CLANG_WARN_INT_CONVERSION = YES;
				CLANG_WARN_OBJC_ROOT_CLASS = YES_ERROR;
				CLANG_WARN_UNREACHABLE_CODE = YES;
				CLANG_WARN__DUPLICATE_METHOD_MATCH = YES;
				"CODE_SIGN_IDENTITY[sdk=iphoneos*]" = "iPhone Developer";
				COPY_PHASE_STRIP = NO;
				DEBUG_INFORMATION_FORMAT = dwarf;
				ENABLE_STRICT_OBJC_MSGSEND = YES;
				ENABLE_TESTABILITY = YES;
				GCC_C_LANGUAGE_STANDARD = gnu99;
				GCC_DYNAMIC_NO_PIC = NO;
				GCC_NO_COMMON_BLOCKS = YES;
				GCC_OPTIMIZATION_LEVEL = 0;
				GCC_PREPROCESSOR_DEFINITIONS = (
					"DEBUG=1",
					"$(inherited)",
				);
				GCC_WARN_64_TO_32_BIT_CONVERSION = YES;
				GCC_WARN_ABOUT_RETURN_TYPE = YES_ERROR;
				GCC_WARN_UNDECLARED_SELECTOR = YES;
				GCC_WARN_UNINITIALIZED_AUTOS = YES_AGGRESSIVE;
				GCC_WARN_UNUSED_FUNCTION = YES;
				GCC_WARN_UNUSED_VARIABLE = YES;
				IPHONEOS_DEPLOYMENT_TARGET = 9.3;
				MTL_ENABLE_DEBUG_INFO = YES;
				ONLY_ACTIVE_ARCH = YES;
				PROVISIONING_PROFILE = "";
				SDKROOT = iphoneos;
				SWIFT_OPTIMIZATION_LEVEL = "-Onone";
				TARGETED_DEVICE_FAMILY = "1,2";
			};
			name = Debug;
		};
		A0C3F6FA1D38972A0016004E /* Release */ = {
			isa = XCBuildConfiguration;
			buildSettings = {
				ALWAYS_SEARCH_USER_PATHS = NO;
				CLANG_ANALYZER_NONNULL = YES;
				CLANG_CXX_LANGUAGE_STANDARD = "gnu++0x";
				CLANG_CXX_LIBRARY = "libc++";
				CLANG_ENABLE_MODULES = YES;
				CLANG_ENABLE_OBJC_ARC = YES;
				CLANG_WARN_BOOL_CONVERSION = YES;
				CLANG_WARN_CONSTANT_CONVERSION = YES;
				CLANG_WARN_DIRECT_OBJC_ISA_USAGE = YES_ERROR;
				CLANG_WARN_EMPTY_BODY = YES;
				CLANG_WARN_ENUM_CONVERSION = YES;
				CLANG_WARN_INT_CONVERSION = YES;
				CLANG_WARN_OBJC_ROOT_CLASS = YES_ERROR;
				CLANG_WARN_UNREACHABLE_CODE = YES;
				CLANG_WARN__DUPLICATE_METHOD_MATCH = YES;
				"CODE_SIGN_IDENTITY[sdk=iphoneos*]" = "iPhone Distribution: Lucas Bullen (J5CFSMHHR3)";
				COPY_PHASE_STRIP = NO;
				DEBUG_INFORMATION_FORMAT = "dwarf-with-dsym";
				ENABLE_NS_ASSERTIONS = NO;
				ENABLE_STRICT_OBJC_MSGSEND = YES;
				GCC_C_LANGUAGE_STANDARD = gnu99;
				GCC_NO_COMMON_BLOCKS = YES;
				GCC_WARN_64_TO_32_BIT_CONVERSION = YES;
				GCC_WARN_ABOUT_RETURN_TYPE = YES_ERROR;
				GCC_WARN_UNDECLARED_SELECTOR = YES;
				GCC_WARN_UNINITIALIZED_AUTOS = YES_AGGRESSIVE;
				GCC_WARN_UNUSED_FUNCTION = YES;
				GCC_WARN_UNUSED_VARIABLE = YES;
				IPHONEOS_DEPLOYMENT_TARGET = 9.3;
				MTL_ENABLE_DEBUG_INFO = NO;
				PROVISIONING_PROFILE = "";
				SDKROOT = iphoneos;
				TARGETED_DEVICE_FAMILY = "1,2";
				VALIDATE_PRODUCT = YES;
			};
			name = Release;
		};
		A0C3F6FC1D38972A0016004E /* Debug */ = {
			isa = XCBuildConfiguration;
			buildSettings = {
				ASSETCATALOG_COMPILER_APPICON_NAME = AppIcon;
				CODE_SIGN_IDENTITY = "iPhone Developer";
				"CODE_SIGN_IDENTITY[sdk=iphoneos*]" = "iPhone Developer";
				EMBEDDED_CONTENT_CONTAINS_SWIFT = YES;
				INFOPLIST_FILE = Walkhome/Info.plist;
				LD_RUNPATH_SEARCH_PATHS = "$(inherited) @executable_path/Frameworks";
				PRODUCT_BUNDLE_IDENTIFIER = com.compsawebservices.Walkhome;
				PRODUCT_NAME = "$(TARGET_NAME)";
				PROVISIONING_PROFILE = "";
				TARGETED_DEVICE_FAMILY = 1;
			};
			name = Debug;
		};
		A0C3F6FD1D38972A0016004E /* Release */ = {
			isa = XCBuildConfiguration;
			buildSettings = {
				ASSETCATALOG_COMPILER_APPICON_NAME = AppIcon;
				CODE_SIGN_IDENTITY = "iPhone Distribution: Lucas Bullen (J5CFSMHHR3)";
				"CODE_SIGN_IDENTITY[sdk=iphoneos*]" = "iPhone Distribution: Lucas Bullen (J5CFSMHHR3)";
				EMBEDDED_CONTENT_CONTAINS_SWIFT = YES;
				INFOPLIST_FILE = Walkhome/Info.plist;
				LD_RUNPATH_SEARCH_PATHS = "$(inherited) @executable_path/Frameworks";
				PRODUCT_BUNDLE_IDENTIFIER = com.compsawebservices.Walkhome;
				PRODUCT_NAME = "$(TARGET_NAME)";
				PROVISIONING_PROFILE = "";
				TARGETED_DEVICE_FAMILY = 1;
			};
			name = Release;
		};
/* End XCBuildConfiguration section */

/* Begin XCConfigurationList section */
		A0C3F6E41D38972A0016004E /* Build configuration list for PBXProject "Walkhome" */ = {
			isa = XCConfigurationList;
			buildConfigurations = (
				A0C3F6F91D38972A0016004E /* Debug */,
				A0C3F6FA1D38972A0016004E /* Release */,
			);
			defaultConfigurationIsVisible = 0;
			defaultConfigurationName = Release;
		};
		A0C3F6FB1D38972A0016004E /* Build configuration list for PBXNativeTarget "Walkhome" */ = {
			isa = XCConfigurationList;
			buildConfigurations = (
				A0C3F6FC1D38972A0016004E /* Debug */,
				A0C3F6FD1D38972A0016004E /* Release */,
			);
			defaultConfigurationIsVisible = 0;
			defaultConfigurationName = Release;
		};
/* End XCConfigurationList section */
	};
	rootObject = A0C3F6E11D38972A0016004E /* Project object */;
}
